// !$*UTF8*$!
{
	archiveVersion = 1;
	classes = {
	};
	objectVersion = 50;
	objects = {

/* Begin PBXBuildFile section */
		9570679825B858CC00657E66 /* AppDelegate.swift in Sources */ = {isa = PBXBuildFile; fileRef = 9570679725B858CC00657E66 /* AppDelegate.swift */; };
		9570679A25B858CC00657E66 /* SceneDelegate.swift in Sources */ = {isa = PBXBuildFile; fileRef = 9570679925B858CC00657E66 /* SceneDelegate.swift */; };
		9570679C25B858CC00657E66 /* ConversationsViewController.swift in Sources */ = {isa = PBXBuildFile; fileRef = 9570679B25B858CC00657E66 /* ConversationsViewController.swift */; };
		9570679F25B858CC00657E66 /* Main.storyboard in Resources */ = {isa = PBXBuildFile; fileRef = 9570679D25B858CC00657E66 /* Main.storyboard */; };
		957067A125B858CF00657E66 /* Assets.xcassets in Resources */ = {isa = PBXBuildFile; fileRef = 957067A025B858CF00657E66 /* Assets.xcassets */; };
		957067A425B858CF00657E66 /* LaunchScreen.storyboard in Resources */ = {isa = PBXBuildFile; fileRef = 957067A225B858CF00657E66 /* LaunchScreen.storyboard */; };
		957067B525B85B9600657E66 /* LoginViewController.swift in Sources */ = {isa = PBXBuildFile; fileRef = 957067B425B85B9600657E66 /* LoginViewController.swift */; };
		957067B925B85BA800657E66 /* RegisterViewController.swift in Sources */ = {isa = PBXBuildFile; fileRef = 957067B825B85BA800657E66 /* RegisterViewController.swift */; };
		957067BC25B85BCD00657E66 /* PhotoViewerViewController.swift in Sources */ = {isa = PBXBuildFile; fileRef = 957067BB25B85BCD00657E66 /* PhotoViewerViewController.swift */; };
		957067BF25B85BDE00657E66 /* VideoPlayerViewController.swift in Sources */ = {isa = PBXBuildFile; fileRef = 957067BE25B85BDE00657E66 /* VideoPlayerViewController.swift */; };
		957067C225B85C0500657E66 /* NewConversationViewController.swift in Sources */ = {isa = PBXBuildFile; fileRef = 957067C125B85C0500657E66 /* NewConversationViewController.swift */; };
		957067C525B85C1A00657E66 /* ProfileViewController.swift in Sources */ = {isa = PBXBuildFile; fileRef = 957067C425B85C1A00657E66 /* ProfileViewController.swift */; };
		957067CA25B861AE00657E66 /* Extensions.swift in Sources */ = {isa = PBXBuildFile; fileRef = 957067C925B861AE00657E66 /* Extensions.swift */; };
/* End PBXBuildFile section */

/* Begin PBXFileReference section */
		9570679425B858CC00657E66 /* Messenger.app */ = {isa = PBXFileReference; explicitFileType = wrapper.application; includeInIndex = 0; path = Messenger.app; sourceTree = BUILT_PRODUCTS_DIR; };
		9570679725B858CC00657E66 /* AppDelegate.swift */ = {isa = PBXFileReference; lastKnownFileType = sourcecode.swift; path = AppDelegate.swift; sourceTree = "<group>"; };
		9570679925B858CC00657E66 /* SceneDelegate.swift */ = {isa = PBXFileReference; lastKnownFileType = sourcecode.swift; path = SceneDelegate.swift; sourceTree = "<group>"; };
		9570679B25B858CC00657E66 /* ConversationsViewController.swift */ = {isa = PBXFileReference; lastKnownFileType = sourcecode.swift; path = ConversationsViewController.swift; sourceTree = "<group>"; };
		9570679E25B858CC00657E66 /* Base */ = {isa = PBXFileReference; lastKnownFileType = file.storyboard; name = Base; path = Base.lproj/Main.storyboard; sourceTree = "<group>"; };
		957067A025B858CF00657E66 /* Assets.xcassets */ = {isa = PBXFileReference; lastKnownFileType = folder.assetcatalog; path = Assets.xcassets; sourceTree = "<group>"; };
		957067A325B858CF00657E66 /* Base */ = {isa = PBXFileReference; lastKnownFileType = file.storyboard; name = Base; path = Base.lproj/LaunchScreen.storyboard; sourceTree = "<group>"; };
		957067A525B858CF00657E66 /* Info.plist */ = {isa = PBXFileReference; lastKnownFileType = text.plist.xml; path = Info.plist; sourceTree = "<group>"; };
		957067B425B85B9600657E66 /* LoginViewController.swift */ = {isa = PBXFileReference; lastKnownFileType = sourcecode.swift; path = LoginViewController.swift; sourceTree = "<group>"; };
		957067B825B85BA800657E66 /* RegisterViewController.swift */ = {isa = PBXFileReference; lastKnownFileType = sourcecode.swift; path = RegisterViewController.swift; sourceTree = "<group>"; };
		957067BB25B85BCD00657E66 /* PhotoViewerViewController.swift */ = {isa = PBXFileReference; lastKnownFileType = sourcecode.swift; path = PhotoViewerViewController.swift; sourceTree = "<group>"; };
		957067BE25B85BDE00657E66 /* VideoPlayerViewController.swift */ = {isa = PBXFileReference; lastKnownFileType = sourcecode.swift; path = VideoPlayerViewController.swift; sourceTree = "<group>"; };
		957067C125B85C0500657E66 /* NewConversationViewController.swift */ = {isa = PBXFileReference; lastKnownFileType = sourcecode.swift; path = NewConversationViewController.swift; sourceTree = "<group>"; };
		957067C425B85C1A00657E66 /* ProfileViewController.swift */ = {isa = PBXFileReference; lastKnownFileType = sourcecode.swift; path = ProfileViewController.swift; sourceTree = "<group>"; };
		957067C925B861AE00657E66 /* Extensions.swift */ = {isa = PBXFileReference; lastKnownFileType = sourcecode.swift; path = Extensions.swift; sourceTree = "<group>"; };
/* End PBXFileReference section */

/* Begin PBXFrameworksBuildPhase section */
		9570679125B858CC00657E66 /* Frameworks */ = {
			isa = PBXFrameworksBuildPhase;
			buildActionMask = 2147483647;
			files = (
			);
			runOnlyForDeploymentPostprocessing = 0;
		};
/* End PBXFrameworksBuildPhase section */

/* Begin PBXGroup section */
		9570678B25B858CC00657E66 = {
			isa = PBXGroup;
			children = (
				9570679625B858CC00657E66 /* Messenger */,
				9570679525B858CC00657E66 /* Products */,
			);
			sourceTree = "<group>";
		};
		9570679525B858CC00657E66 /* Products */ = {
			isa = PBXGroup;
			children = (
				9570679425B858CC00657E66 /* Messenger.app */,
			);
			name = Products;
			sourceTree = "<group>";
		};
		9570679625B858CC00657E66 /* Messenger */ = {
			isa = PBXGroup;
			children = (
				957067B025B85A3500657E66 /* Resources */,
				957067AF25B85A1600657E66 /* ViewModels */,
				957067AE25B85A0F00657E66 /* Models */,
				957067AD25B85A0700657E66 /* Views */,
				957067AC25B859F000657E66 /* Controllers */,
				957067A525B858CF00657E66 /* Info.plist */,
			);
			path = Messenger;
			sourceTree = "<group>";
		};
		957067AC25B859F000657E66 /* Controllers */ = {
			isa = PBXGroup;
			children = (
				9570679B25B858CC00657E66 /* ConversationsViewController.swift */,
				957067C725B85D4900657E66 /* Login */,
				957067BB25B85BCD00657E66 /* PhotoViewerViewController.swift */,
				957067BE25B85BDE00657E66 /* VideoPlayerViewController.swift */,
				957067C125B85C0500657E66 /* NewConversationViewController.swift */,
				957067C425B85C1A00657E66 /* ProfileViewController.swift */,
			);
			path = Controllers;
			sourceTree = "<group>";
		};
		957067AD25B85A0700657E66 /* Views */ = {
			isa = PBXGroup;
			children = (
				957067B225B85A7E00657E66 /* Storyboards */,
				957067A025B858CF00657E66 /* Assets.xcassets */,
			);
			path = Views;
			sourceTree = "<group>";
		};
		957067AE25B85A0F00657E66 /* Models */ = {
			isa = PBXGroup;
			children = (
			);
			path = Models;
			sourceTree = "<group>";
		};
		957067AF25B85A1600657E66 /* ViewModels */ = {
			isa = PBXGroup;
			children = (
			);
			path = ViewModels;
			sourceTree = "<group>";
		};
		957067B025B85A3500657E66 /* Resources */ = {
			isa = PBXGroup;
			children = (
				9570679725B858CC00657E66 /* AppDelegate.swift */,
				9570679925B858CC00657E66 /* SceneDelegate.swift */,
				957067C925B861AE00657E66 /* Extensions.swift */,
			);
			path = Resources;
			sourceTree = "<group>";
		};
		957067B225B85A7E00657E66 /* Storyboards */ = {
			isa = PBXGroup;
			children = (
				9570679D25B858CC00657E66 /* Main.storyboard */,
				957067A225B858CF00657E66 /* LaunchScreen.storyboard */,
			);
			path = Storyboards;
			sourceTree = "<group>";
		};
		957067C725B85D4900657E66 /* Login */ = {
			isa = PBXGroup;
			children = (
				957067B425B85B9600657E66 /* LoginViewController.swift */,
				957067B825B85BA800657E66 /* RegisterViewController.swift */,
			);
			path = Login;
			sourceTree = "<group>";
		};
/* End PBXGroup section */

/* Begin PBXNativeTarget section */
		9570679325B858CC00657E66 /* Messenger */ = {
			isa = PBXNativeTarget;
			buildConfigurationList = 957067A825B858CF00657E66 /* Build configuration list for PBXNativeTarget "Messenger" */;
			buildPhases = (
				9570679025B858CC00657E66 /* Sources */,
				9570679125B858CC00657E66 /* Frameworks */,
				9570679225B858CC00657E66 /* Resources */,
			);
			buildRules = (
			);
			dependencies = (
			);
			name = Messenger;
			productName = Messenger;
			productReference = 9570679425B858CC00657E66 /* Messenger.app */;
			productType = "com.apple.product-type.application";
		};
/* End PBXNativeTarget section */

/* Begin PBXProject section */
		9570678C25B858CC00657E66 /* Project object */ = {
			isa = PBXProject;
			attributes = {
				LastSwiftUpdateCheck = 1230;
				LastUpgradeCheck = 1230;
				TargetAttributes = {
					9570679325B858CC00657E66 = {
						CreatedOnToolsVersion = 12.3;
					};
				};
			};
			buildConfigurationList = 9570678F25B858CC00657E66 /* Build configuration list for PBXProject "Messenger" */;
			compatibilityVersion = "Xcode 9.3";
			developmentRegion = en;
			hasScannedForEncodings = 0;
			knownRegions = (
				en,
				Base,
			);
			mainGroup = 9570678B25B858CC00657E66;
			productRefGroup = 9570679525B858CC00657E66 /* Products */;
			projectDirPath = "";
			projectRoot = "";
			targets = (
				9570679325B858CC00657E66 /* Messenger */,
			);
		};
/* End PBXProject section */

/* Begin PBXResourcesBuildPhase section */
		9570679225B858CC00657E66 /* Resources */ = {
			isa = PBXResourcesBuildPhase;
			buildActionMask = 2147483647;
			files = (
				957067A425B858CF00657E66 /* LaunchScreen.storyboard in Resources */,
				957067A125B858CF00657E66 /* Assets.xcassets in Resources */,
				9570679F25B858CC00657E66 /* Main.storyboard in Resources */,
			);
			runOnlyForDeploymentPostprocessing = 0;
		};
/* End PBXResourcesBuildPhase section */

/* Begin PBXSourcesBuildPhase section */
		9570679025B858CC00657E66 /* Sources */ = {
			isa = PBXSourcesBuildPhase;
			buildActionMask = 2147483647;
			files = (
				957067B525B85B9600657E66 /* LoginViewController.swift in Sources */,
				957067B925B85BA800657E66 /* RegisterViewController.swift in Sources */,
				957067C225B85C0500657E66 /* NewConversationViewController.swift in Sources */,
				9570679C25B858CC00657E66 /* ConversationsViewController.swift in Sources */,
				957067BF25B85BDE00657E66 /* VideoPlayerViewController.swift in Sources */,
				957067CA25B861AE00657E66 /* Extensions.swift in Sources */,
				9570679825B858CC00657E66 /* AppDelegate.swift in Sources */,
				957067C525B85C1A00657E66 /* ProfileViewController.swift in Sources */,
				9570679A25B858CC00657E66 /* SceneDelegate.swift in Sources */,
				957067BC25B85BCD00657E66 /* PhotoViewerViewController.swift in Sources */,
			);
			runOnlyForDeploymentPostprocessing = 0;
		};
/* End PBXSourcesBuildPhase section */

/* Begin PBXVariantGroup section */
		9570679D25B858CC00657E66 /* Main.storyboard */ = {
			isa = PBXVariantGroup;
			children = (
				9570679E25B858CC00657E66 /* Base */,
			);
			name = Main.storyboard;
			sourceTree = "<group>";
		};
		957067A225B858CF00657E66 /* LaunchScreen.storyboard */ = {
			isa = PBXVariantGroup;
			children = (
				957067A325B858CF00657E66 /* Base */,
			);
			name = LaunchScreen.storyboard;
			sourceTree = "<group>";
		};
/* End PBXVariantGroup section */

/* Begin XCBuildConfiguration section */
		957067A625B858CF00657E66 /* Debug */ = {
			isa = XCBuildConfiguration;
			buildSettings = {
				ALWAYS_SEARCH_USER_PATHS = NO;
				CLANG_ANALYZER_NONNULL = YES;
				CLANG_ANALYZER_NUMBER_OBJECT_CONVERSION = YES_AGGRESSIVE;
				CLANG_CXX_LANGUAGE_STANDARD = "gnu++14";
				CLANG_CXX_LIBRARY = "libc++";
				CLANG_ENABLE_MODULES = YES;
				CLANG_ENABLE_OBJC_ARC = YES;
				CLANG_ENABLE_OBJC_WEAK = YES;
				CLANG_WARN_BLOCK_CAPTURE_AUTORELEASING = YES;
				CLANG_WARN_BOOL_CONVERSION = YES;
				CLANG_WARN_COMMA = YES;
				CLANG_WARN_CONSTANT_CONVERSION = YES;
				CLANG_WARN_DEPRECATED_OBJC_IMPLEMENTATIONS = YES;
				CLANG_WARN_DIRECT_OBJC_ISA_USAGE = YES_ERROR;
				CLANG_WARN_DOCUMENTATION_COMMENTS = YES;
				CLANG_WARN_EMPTY_BODY = YES;
				CLANG_WARN_ENUM_CONVERSION = YES;
				CLANG_WARN_INFINITE_RECURSION = YES;
				CLANG_WARN_INT_CONVERSION = YES;
				CLANG_WARN_NON_LITERAL_NULL_CONVERSION = YES;
				CLANG_WARN_OBJC_IMPLICIT_RETAIN_SELF = YES;
				CLANG_WARN_OBJC_LITERAL_CONVERSION = YES;
				CLANG_WARN_OBJC_ROOT_CLASS = YES_ERROR;
				CLANG_WARN_QUOTED_INCLUDE_IN_FRAMEWORK_HEADER = YES;
				CLANG_WARN_RANGE_LOOP_ANALYSIS = YES;
				CLANG_WARN_STRICT_PROTOTYPES = YES;
				CLANG_WARN_SUSPICIOUS_MOVE = YES;
				CLANG_WARN_UNGUARDED_AVAILABILITY = YES_AGGRESSIVE;
				CLANG_WARN_UNREACHABLE_CODE = YES;
				CLANG_WARN__DUPLICATE_METHOD_MATCH = YES;
				COPY_PHASE_STRIP = NO;
				DEBUG_INFORMATION_FORMAT = dwarf;
				ENABLE_STRICT_OBJC_MSGSEND = YES;
				ENABLE_TESTABILITY = YES;
				GCC_C_LANGUAGE_STANDARD = gnu11;
				GCC_DYNAMIC_NO_PIC = NO;
				GCC_NO_COMMON_BLOCKS = YES;
				GCC_OPTIMIZATION_LEVEL = 0;
				GCC_PREPROCESSOR_DEFINITIONS = (
					"DEBUG=1",
					"$(inherited)",
				);
				GCC_WARN_64_TO_32_BIT_CONVERSION = YES;
				GCC_WARN_ABOUT_RETURN_TYPE = YES_ERROR;
				GCC_WARN_UNDECLARED_SELECTOR = YES;
				GCC_WARN_UNINITIALIZED_AUTOS = YES_AGGRESSIVE;
				GCC_WARN_UNUSED_FUNCTION = YES;
				GCC_WARN_UNUSED_VARIABLE = YES;
				IPHONEOS_DEPLOYMENT_TARGET = 14.3;
				MTL_ENABLE_DEBUG_INFO = INCLUDE_SOURCE;
				MTL_FAST_MATH = YES;
				ONLY_ACTIVE_ARCH = YES;
				SDKROOT = iphoneos;
				SWIFT_ACTIVE_COMPILATION_CONDITIONS = DEBUG;
				SWIFT_OPTIMIZATION_LEVEL = "-Onone";
			};
			name = Debug;
		};
		957067A725B858CF00657E66 /* Release */ = {
			isa = XCBuildConfiguration;
			buildSettings = {
				ALWAYS_SEARCH_USER_PATHS = NO;
				CLANG_ANALYZER_NONNULL = YES;
				CLANG_ANALYZER_NUMBER_OBJECT_CONVERSION = YES_AGGRESSIVE;
				CLANG_CXX_LANGUAGE_STANDARD = "gnu++14";
				CLANG_CXX_LIBRARY = "libc++";
				CLANG_ENABLE_MODULES = YES;
				CLANG_ENABLE_OBJC_ARC = YES;
				CLANG_ENABLE_OBJC_WEAK = YES;
				CLANG_WARN_BLOCK_CAPTURE_AUTORELEASING = YES;
				CLANG_WARN_BOOL_CONVERSION = YES;
				CLANG_WARN_COMMA = YES;
				CLANG_WARN_CONSTANT_CONVERSION = YES;
				CLANG_WARN_DEPRECATED_OBJC_IMPLEMENTATIONS = YES;
				CLANG_WARN_DIRECT_OBJC_ISA_USAGE = YES_ERROR;
				CLANG_WARN_DOCUMENTATION_COMMENTS = YES;
				CLANG_WARN_EMPTY_BODY = YES;
				CLANG_WARN_ENUM_CONVERSION = YES;
				CLANG_WARN_INFINITE_RECURSION = YES;
				CLANG_WARN_INT_CONVERSION = YES;
				CLANG_WARN_NON_LITERAL_NULL_CONVERSION = YES;
				CLANG_WARN_OBJC_IMPLICIT_RETAIN_SELF = YES;
				CLANG_WARN_OBJC_LITERAL_CONVERSION = YES;
				CLANG_WARN_OBJC_ROOT_CLASS = YES_ERROR;
				CLANG_WARN_QUOTED_INCLUDE_IN_FRAMEWORK_HEADER = YES;
				CLANG_WARN_RANGE_LOOP_ANALYSIS = YES;
				CLANG_WARN_STRICT_PROTOTYPES = YES;
				CLANG_WARN_SUSPICIOUS_MOVE = YES;
				CLANG_WARN_UNGUARDED_AVAILABILITY = YES_AGGRESSIVE;
				CLANG_WARN_UNREACHABLE_CODE = YES;
				CLANG_WARN__DUPLICATE_METHOD_MATCH = YES;
				COPY_PHASE_STRIP = NO;
				DEBUG_INFORMATION_FORMAT = "dwarf-with-dsym";
				ENABLE_NS_ASSERTIONS = NO;
				ENABLE_STRICT_OBJC_MSGSEND = YES;
				GCC_C_LANGUAGE_STANDARD = gnu11;
				GCC_NO_COMMON_BLOCKS = YES;
				GCC_WARN_64_TO_32_BIT_CONVERSION = YES;
				GCC_WARN_ABOUT_RETURN_TYPE = YES_ERROR;
				GCC_WARN_UNDECLARED_SELECTOR = YES;
				GCC_WARN_UNINITIALIZED_AUTOS = YES_AGGRESSIVE;
				GCC_WARN_UNUSED_FUNCTION = YES;
				GCC_WARN_UNUSED_VARIABLE = YES;
				IPHONEOS_DEPLOYMENT_TARGET = 14.3;
				MTL_ENABLE_DEBUG_INFO = NO;
				MTL_FAST_MATH = YES;
				SDKROOT = iphoneos;
				SWIFT_COMPILATION_MODE = wholemodule;
				SWIFT_OPTIMIZATION_LEVEL = "-O";
				VALIDATE_PRODUCT = YES;
			};
			name = Release;
		};
		957067A925B858CF00657E66 /* Debug */ = {
			isa = XCBuildConfiguration;
			buildSettings = {
				ASSETCATALOG_COMPILER_APPICON_NAME = AppIcon;
				ASSETCATALOG_COMPILER_GLOBAL_ACCENT_COLOR_NAME = AccentColor;
				CODE_SIGN_STYLE = Automatic;
				DEVELOPMENT_TEAM = L8W86DZDY2;
				INFOPLIST_FILE = Messenger/Info.plist;
				LD_RUNPATH_SEARCH_PATHS = (
					"$(inherited)",
					"@executable_path/Frameworks",
				);
				PRODUCT_BUNDLE_IDENTIFIER = com.ri.Messenger;
				PRODUCT_NAME = "$(TARGET_NAME)";
				SWIFT_VERSION = 5.0;
				TARGETED_DEVICE_FAMILY = "1,2";
			};
			name = Debug;
		};
		957067AA25B858CF00657E66 /* Release */ = {
			isa = XCBuildConfiguration;
			buildSettings = {
				ASSETCATALOG_COMPILER_APPICON_NAME = AppIcon;
				ASSETCATALOG_COMPILER_GLOBAL_ACCENT_COLOR_NAME = AccentColor;
				CODE_SIGN_STYLE = Automatic;
				DEVELOPMENT_TEAM = L8W86DZDY2;
				INFOPLIST_FILE = Messenger/Info.plist;
				LD_RUNPATH_SEARCH_PATHS = (
					"$(inherited)",
					"@executable_path/Frameworks",
				);
				PRODUCT_BUNDLE_IDENTIFIER = com.ri.Messenger;
				PRODUCT_NAME = "$(TARGET_NAME)";
				SWIFT_VERSION = 5.0;
				TARGETED_DEVICE_FAMILY = "1,2";
			};
			name = Release;
		};
/* End XCBuildConfiguration section */

/* Begin XCConfigurationList section */
		9570678F25B858CC00657E66 /* Build configuration list for PBXProject "Messenger" */ = {
			isa = XCConfigurationList;
			buildConfigurations = (
				957067A625B858CF00657E66 /* Debug */,
				957067A725B858CF00657E66 /* Release */,
			);
			defaultConfigurationIsVisible = 0;
			defaultConfigurationName = Release;
		};
		957067A825B858CF00657E66 /* Build configuration list for PBXNativeTarget "Messenger" */ = {
			isa = XCConfigurationList;
			buildConfigurations = (
				957067A925B858CF00657E66 /* Debug */,
				957067AA25B858CF00657E66 /* Release */,
			);
			defaultConfigurationIsVisible = 0;
			defaultConfigurationName = Release;
		};
/* End XCConfigurationList section */
	};
	rootObject = 9570678C25B858CC00657E66 /* Project object */;
}
